// !$*UTF8*$!
{
	archiveVersion = 1;
	classes = {
	};
	objectVersion = 50;
	objects = {

/* Begin PBXBuildFile section */
		C103695125AB772800F60895 /* AppDelegate.swift in Sources */ = {isa = PBXBuildFile; fileRef = C103695025AB772800F60895 /* AppDelegate.swift */; };
		C103695325AB772800F60895 /* SceneDelegate.swift in Sources */ = {isa = PBXBuildFile; fileRef = C103695225AB772800F60895 /* SceneDelegate.swift */; };
		C103695525AB772800F60895 /* ContentView.swift in Sources */ = {isa = PBXBuildFile; fileRef = C103695425AB772800F60895 /* ContentView.swift */; };
		C103695725AB772900F60895 /* Assets.xcassets in Resources */ = {isa = PBXBuildFile; fileRef = C103695625AB772900F60895 /* Assets.xcassets */; };
		C103695A25AB772900F60895 /* Preview Assets.xcassets in Resources */ = {isa = PBXBuildFile; fileRef = C103695925AB772900F60895 /* Preview Assets.xcassets */; };
		C103695D25AB772900F60895 /* LaunchScreen.storyboard in Resources */ = {isa = PBXBuildFile; fileRef = C103695B25AB772900F60895 /* LaunchScreen.storyboard */; };
/* End PBXBuildFile section */

/* Begin PBXFileReference section */
		C103694D25AB772800F60895 /* Conditional Modifiers Scrachwork.app */ = {isa = PBXFileReference; explicitFileType = wrapper.application; includeInIndex = 0; path = "Conditional Modifiers Scrachwork.app"; sourceTree = BUILT_PRODUCTS_DIR; };
		C103695025AB772800F60895 /* AppDelegate.swift */ = {isa = PBXFileReference; lastKnownFileType = sourcecode.swift; path = AppDelegate.swift; sourceTree = "<group>"; };
		C103695225AB772800F60895 /* SceneDelegate.swift */ = {isa = PBXFileReference; lastKnownFileType = sourcecode.swift; path = SceneDelegate.swift; sourceTree = "<group>"; };
		C103695425AB772800F60895 /* ContentView.swift */ = {isa = PBXFileReference; lastKnownFileType = sourcecode.swift; path = ContentView.swift; sourceTree = "<group>"; };
		C103695625AB772900F60895 /* Assets.xcassets */ = {isa = PBXFileReference; lastKnownFileType = folder.assetcatalog; path = Assets.xcassets; sourceTree = "<group>"; };
		C103695925AB772900F60895 /* Preview Assets.xcassets */ = {isa = PBXFileReference; lastKnownFileType = folder.assetcatalog; path = "Preview Assets.xcassets"; sourceTree = "<group>"; };
		C103695C25AB772900F60895 /* Base */ = {isa = PBXFileReference; lastKnownFileType = file.storyboard; name = Base; path = Base.lproj/LaunchScreen.storyboard; sourceTree = "<group>"; };
		C103695E25AB772900F60895 /* Info.plist */ = {isa = PBXFileReference; lastKnownFileType = text.plist.xml; path = Info.plist; sourceTree = "<group>"; };
/* End PBXFileReference section */

/* Begin PBXFrameworksBuildPhase section */
		C103694A25AB772800F60895 /* Frameworks */ = {
			isa = PBXFrameworksBuildPhase;
			buildActionMask = 2147483647;
			files = (
			);
			runOnlyForDeploymentPostprocessing = 0;
		};
/* End PBXFrameworksBuildPhase section */

/* Begin PBXGroup section */
		C103694425AB772800F60895 = {
			isa = PBXGroup;
			children = (
				C103694F25AB772800F60895 /* Conditional Modifiers Scrachwork */,
				C103694E25AB772800F60895 /* Products */,
			);
			sourceTree = "<group>";
		};
		C103694E25AB772800F60895 /* Products */ = {
			isa = PBXGroup;
			children = (
				C103694D25AB772800F60895 /* Conditional Modifiers Scrachwork.app */,
			);
			name = Products;
			sourceTree = "<group>";
		};
		C103694F25AB772800F60895 /* Conditional Modifiers Scrachwork */ = {
			isa = PBXGroup;
			children = (
				C103695025AB772800F60895 /* AppDelegate.swift */,
				C103695225AB772800F60895 /* SceneDelegate.swift */,
				C103695425AB772800F60895 /* ContentView.swift */,
				C103695625AB772900F60895 /* Assets.xcassets */,
				C103695B25AB772900F60895 /* LaunchScreen.storyboard */,
				C103695E25AB772900F60895 /* Info.plist */,
				C103695825AB772900F60895 /* Preview Content */,
			);
			path = "Conditional Modifiers Scrachwork";
			sourceTree = "<group>";
		};
		C103695825AB772900F60895 /* Preview Content */ = {
			isa = PBXGroup;
			children = (
				C103695925AB772900F60895 /* Preview Assets.xcassets */,
			);
			path = "Preview Content";
			sourceTree = "<group>";
		};
/* End PBXGroup section */

/* Begin PBXNativeTarget section */
		C103694C25AB772800F60895 /* Conditional Modifiers Scrachwork */ = {
			isa = PBXNativeTarget;
			buildConfigurationList = C103696125AB772900F60895 /* Build configuration list for PBXNativeTarget "Conditional Modifiers Scrachwork" */;
			buildPhases = (
				C103694925AB772800F60895 /* Sources */,
				C103694A25AB772800F60895 /* Frameworks */,
				C103694B25AB772800F60895 /* Resources */,
			);
			buildRules = (
			);
			dependencies = (
			);
			name = "Conditional Modifiers Scrachwork";
			productName = "Conditional Modifiers Scrachwork";
			productReference = C103694D25AB772800F60895 /* Conditional Modifiers Scrachwork.app */;
			productType = "com.apple.product-type.application";
		};
/* End PBXNativeTarget section */

/* Begin PBXProject section */
		C103694525AB772800F60895 /* Project object */ = {
			isa = PBXProject;
			attributes = {
				LastSwiftUpdateCheck = 1230;
				LastUpgradeCheck = 1230;
				TargetAttributes = {
					C103694C25AB772800F60895 = {
						CreatedOnToolsVersion = 12.3;
					};
				};
			};
			buildConfigurationList = C103694825AB772800F60895 /* Build configuration list for PBXProject "Conditional Modifiers Scrachwork" */;
			compatibilityVersion = "Xcode 9.3";
			developmentRegion = en;
			hasScannedForEncodings = 0;
			knownRegions = (
				en,
				Base,
			);
			mainGroup = C103694425AB772800F60895;
			productRefGroup = C103694E25AB772800F60895 /* Products */;
			projectDirPath = "";
			projectRoot = "";
			targets = (
				C103694C25AB772800F60895 /* Conditional Modifiers Scrachwork */,
			);
		};
/* End PBXProject section */

/* Begin PBXResourcesBuildPhase section */
		C103694B25AB772800F60895 /* Resources */ = {
			isa = PBXResourcesBuildPhase;
			buildActionMask = 2147483647;
			files = (
				C103695D25AB772900F60895 /* LaunchScreen.storyboard in Resources */,
				C103695A25AB772900F60895 /* Preview Assets.xcassets in Resources */,
				C103695725AB772900F60895 /* Assets.xcassets in Resources */,
			);
			runOnlyForDeploymentPostprocessing = 0;
		};
/* End PBXResourcesBuildPhase section */

/* Begin PBXSourcesBuildPhase section */
		C103694925AB772800F60895 /* Sources */ = {
			isa = PBXSourcesBuildPhase;
			buildActionMask = 2147483647;
			files = (
				C103695125AB772800F60895 /* AppDelegate.swift in Sources */,
				C103695325AB772800F60895 /* SceneDelegate.swift in Sources */,
				C103695525AB772800F60895 /* ContentView.swift in Sources */,
			);
			runOnlyForDeploymentPostprocessing = 0;
		};
/* End PBXSourcesBuildPhase section */

/* Begin PBXVariantGroup section */
		C103695B25AB772900F60895 /* LaunchScreen.storyboard */ = {
			isa = PBXVariantGroup;
			children = (
				C103695C25AB772900F60895 /* Base */,
			);
			name = LaunchScreen.storyboard;
			sourceTree = "<group>";
		};
/* End PBXVariantGroup section */

/* Begin XCBuildConfiguration section */
		C103695F25AB772900F60895 /* Debug */ = {
			isa = XCBuildConfiguration;
			buildSettings = {
				ALWAYS_SEARCH_USER_PATHS = NO;
				CLANG_ANALYZER_NONNULL = YES;
				CLANG_ANALYZER_NUMBER_OBJECT_CONVERSION = YES_AGGRESSIVE;
				CLANG_CXX_LANGUAGE_STANDARD = "gnu++14";
				CLANG_CXX_LIBRARY = "libc++";
				CLANG_ENABLE_MODULES = YES;
				CLANG_ENABLE_OBJC_ARC = YES;
				CLANG_ENABLE_OBJC_WEAK = YES;
				CLANG_WARN_BLOCK_CAPTURE_AUTORELEASING = YES;
				CLANG_WARN_BOOL_CONVERSION = YES;
				CLANG_WARN_COMMA = YES;
				CLANG_WARN_CONSTANT_CONVERSION = YES;
				CLANG_WARN_DEPRECATED_OBJC_IMPLEMENTATIONS = YES;
				CLANG_WARN_DIRECT_OBJC_ISA_USAGE = YES_ERROR;
				CLANG_WARN_DOCUMENTATION_COMMENTS = YES;
				CLANG_WARN_EMPTY_BODY = YES;
				CLANG_WARN_ENUM_CONVERSION = YES;
				CLANG_WARN_INFINITE_RECURSION = YES;
				CLANG_WARN_INT_CONVERSION = YES;
				CLANG_WARN_NON_LITERAL_NULL_CONVERSION = YES;
				CLANG_WARN_OBJC_IMPLICIT_RETAIN_SELF = YES;
				CLANG_WARN_OBJC_LITERAL_CONVERSION = YES;
				CLANG_WARN_OBJC_ROOT_CLASS = YES_ERROR;
				CLANG_WARN_QUOTED_INCLUDE_IN_FRAMEWORK_HEADER = YES;
				CLANG_WARN_RANGE_LOOP_ANALYSIS = YES;
				CLANG_WARN_STRICT_PROTOTYPES = YES;
				CLANG_WARN_SUSPICIOUS_MOVE = YES;
				CLANG_WARN_UNGUARDED_AVAILABILITY = YES_AGGRESSIVE;
				CLANG_WARN_UNREACHABLE_CODE = YES;
				CLANG_WARN__DUPLICATE_METHOD_MATCH = YES;
				COPY_PHASE_STRIP = NO;
				DEBUG_INFORMATION_FORMAT = dwarf;
				ENABLE_STRICT_OBJC_MSGSEND = YES;
				ENABLE_TESTABILITY = YES;
				GCC_C_LANGUAGE_STANDARD = gnu11;
				GCC_DYNAMIC_NO_PIC = NO;
				GCC_NO_COMMON_BLOCKS = YES;
				GCC_OPTIMIZATION_LEVEL = 0;
				GCC_PREPROCESSOR_DEFINITIONS = (
					"DEBUG=1",
					"$(inherited)",
				);
				GCC_WARN_64_TO_32_BIT_CONVERSION = YES;
				GCC_WARN_ABOUT_RETURN_TYPE = YES_ERROR;
				GCC_WARN_UNDECLARED_SELECTOR = YES;
				GCC_WARN_UNINITIALIZED_AUTOS = YES_AGGRESSIVE;
				GCC_WARN_UNUSED_FUNCTION = YES;
				GCC_WARN_UNUSED_VARIABLE = YES;
				IPHONEOS_DEPLOYMENT_TARGET = 14.3;
				MTL_ENABLE_DEBUG_INFO = INCLUDE_SOURCE;
				MTL_FAST_MATH = YES;
				ONLY_ACTIVE_ARCH = YES;
				SDKROOT = iphoneos;
				SWIFT_ACTIVE_COMPILATION_CONDITIONS = DEBUG;
				SWIFT_OPTIMIZATION_LEVEL = "-Onone";
			};
			name = Debug;
		};
		C103696025AB772900F60895 /* Release */ = {
			isa = XCBuildConfiguration;
			buildSettings = {
				ALWAYS_SEARCH_USER_PATHS = NO;
				CLANG_ANALYZER_NONNULL = YES;
				CLANG_ANALYZER_NUMBER_OBJECT_CONVERSION = YES_AGGRESSIVE;
				CLANG_CXX_LANGUAGE_STANDARD = "gnu++14";
				CLANG_CXX_LIBRARY = "libc++";
				CLANG_ENABLE_MODULES = YES;
				CLANG_ENABLE_OBJC_ARC = YES;
				CLANG_ENABLE_OBJC_WEAK = YES;
				CLANG_WARN_BLOCK_CAPTURE_AUTORELEASING = YES;
				CLANG_WARN_BOOL_CONVERSION = YES;
				CLANG_WARN_COMMA = YES;
				CLANG_WARN_CONSTANT_CONVERSION = YES;
				CLANG_WARN_DEPRECATED_OBJC_IMPLEMENTATIONS = YES;
				CLANG_WARN_DIRECT_OBJC_ISA_USAGE = YES_ERROR;
				CLANG_WARN_DOCUMENTATION_COMMENTS = YES;
				CLANG_WARN_EMPTY_BODY = YES;
				CLANG_WARN_ENUM_CONVERSION = YES;
				CLANG_WARN_INFINITE_RECURSION = YES;
				CLANG_WARN_INT_CONVERSION = YES;
				CLANG_WARN_NON_LITERAL_NULL_CONVERSION = YES;
				CLANG_WARN_OBJC_IMPLICIT_RETAIN_SELF = YES;
				CLANG_WARN_OBJC_LITERAL_CONVERSION = YES;
				CLANG_WARN_OBJC_ROOT_CLASS = YES_ERROR;
				CLANG_WARN_QUOTED_INCLUDE_IN_FRAMEWORK_HEADER = YES;
				CLANG_WARN_RANGE_LOOP_ANALYSIS = YES;
				CLANG_WARN_STRICT_PROTOTYPES = YES;
				CLANG_WARN_SUSPICIOUS_MOVE = YES;
				CLANG_WARN_UNGUARDED_AVAILABILITY = YES_AGGRESSIVE;
				CLANG_WARN_UNREACHABLE_CODE = YES;
				CLANG_WARN__DUPLICATE_METHOD_MATCH = YES;
				COPY_PHASE_STRIP = NO;
				DEBUG_INFORMATION_FORMAT = "dwarf-with-dsym";
				ENABLE_NS_ASSERTIONS = NO;
				ENABLE_STRICT_OBJC_MSGSEND = YES;
				GCC_C_LANGUAGE_STANDARD = gnu11;
				GCC_NO_COMMON_BLOCKS = YES;
				GCC_WARN_64_TO_32_BIT_CONVERSION = YES;
				GCC_WARN_ABOUT_RETURN_TYPE = YES_ERROR;
				GCC_WARN_UNDECLARED_SELECTOR = YES;
				GCC_WARN_UNINITIALIZED_AUTOS = YES_AGGRESSIVE;
				GCC_WARN_UNUSED_FUNCTION = YES;
				GCC_WARN_UNUSED_VARIABLE = YES;
				IPHONEOS_DEPLOYMENT_TARGET = 14.3;
				MTL_ENABLE_DEBUG_INFO = NO;
				MTL_FAST_MATH = YES;
				SDKROOT = iphoneos;
				SWIFT_COMPILATION_MODE = wholemodule;
				SWIFT_OPTIMIZATION_LEVEL = "-O";
				VALIDATE_PRODUCT = YES;
			};
			name = Release;
		};
		C103696225AB772900F60895 /* Debug */ = {
			isa = XCBuildConfiguration;
			buildSettings = {
				ASSETCATALOG_COMPILER_APPICON_NAME = AppIcon;
				ASSETCATALOG_COMPILER_GLOBAL_ACCENT_COLOR_NAME = AccentColor;
				CODE_SIGN_STYLE = Automatic;
				DEVELOPMENT_ASSET_PATHS = "\"Conditional Modifiers Scrachwork/Preview Content\"";
				DEVELOPMENT_TEAM = ZXT3UDL45P;
				ENABLE_PREVIEWS = YES;
				INFOPLIST_FILE = "Conditional Modifiers Scrachwork/Info.plist";
				LD_RUNPATH_SEARCH_PATHS = (
					"$(inherited)",
					"@executable_path/Frameworks",
				);
				PRODUCT_BUNDLE_IDENTIFIER = "com.MouseHouse.Conditional-Modifiers-Scrachwork";
				PRODUCT_NAME = "$(TARGET_NAME)";
				SWIFT_VERSION = 5.0;
				TARGETED_DEVICE_FAMILY = "1,2";
			};
			name = Debug;
		};
		C103696325AB772900F60895 /* Release */ = {
			isa = XCBuildConfiguration;
			buildSettings = {
				ASSETCATALOG_COMPILER_APPICON_NAME = AppIcon;
				ASSETCATALOG_COMPILER_GLOBAL_ACCENT_COLOR_NAME = AccentColor;
				CODE_SIGN_STYLE = Automatic;
				DEVELOPMENT_ASSET_PATHS = "\"Conditional Modifiers Scrachwork/Preview Content\"";
				DEVELOPMENT_TEAM = ZXT3UDL45P;
				ENABLE_PREVIEWS = YES;
				INFOPLIST_FILE = "Conditional Modifiers Scrachwork/Info.plist";
				LD_RUNPATH_SEARCH_PATHS = (
					"$(inherited)",
					"@executable_path/Frameworks",
				);
				PRODUCT_BUNDLE_IDENTIFIER = "com.MouseHouse.Conditional-Modifiers-Scrachwork";
				PRODUCT_NAME = "$(TARGET_NAME)";
				SWIFT_VERSION = 5.0;
				TARGETED_DEVICE_FAMILY = "1,2";
			};
			name = Release;
		};
/* End XCBuildConfiguration section */

/* Begin XCConfigurationList section */
		C103694825AB772800F60895 /* Build configuration list for PBXProject "Conditional Modifiers Scrachwork" */ = {
			isa = XCConfigurationList;
			buildConfigurations = (
				C103695F25AB772900F60895 /* Debug */,
				C103696025AB772900F60895 /* Release */,
			);
			defaultConfigurationIsVisible = 0;
			defaultConfigurationName = Release;
		};
		C103696125AB772900F60895 /* Build configuration list for PBXNativeTarget "Conditional Modifiers Scrachwork" */ = {
			isa = XCConfigurationList;
			buildConfigurations = (
				C103696225AB772900F60895 /* Debug */,
				C103696325AB772900F60895 /* Release */,
			);
			defaultConfigurationIsVisible = 0;
			defaultConfigurationName = Release;
		};
/* End XCConfigurationList section */
	};
	rootObject = C103694525AB772800F60895 /* Project object */;
}
