// !$*UTF8*$!
{
	archiveVersion = 1;
	classes = {
	};
	objectVersion = 50;
	objects = {

/* Begin PBXBuildFile section */
		C137BF2525D47EDE002CEC62 /* AppDelegate.swift in Sources */ = {isa = PBXBuildFile; fileRef = C137BF2425D47EDE002CEC62 /* AppDelegate.swift */; };
		C137BF2725D47EDE002CEC62 /* SceneDelegate.swift in Sources */ = {isa = PBXBuildFile; fileRef = C137BF2625D47EDE002CEC62 /* SceneDelegate.swift */; };
		C137BF2925D47EDE002CEC62 /* ContentView.swift in Sources */ = {isa = PBXBuildFile; fileRef = C137BF2825D47EDE002CEC62 /* ContentView.swift */; };
		C137BF2C25D47EDE002CEC62 /* Bookworm.xcdatamodeld in Sources */ = {isa = PBXBuildFile; fileRef = C137BF2A25D47EDE002CEC62 /* Bookworm.xcdatamodeld */; };
		C137BF2E25D47EDF002CEC62 /* Assets.xcassets in Resources */ = {isa = PBXBuildFile; fileRef = C137BF2D25D47EDF002CEC62 /* Assets.xcassets */; };
		C137BF3125D47EDF002CEC62 /* Preview Assets.xcassets in Resources */ = {isa = PBXBuildFile; fileRef = C137BF3025D47EDF002CEC62 /* Preview Assets.xcassets */; };
		C137BF3425D47EDF002CEC62 /* LaunchScreen.storyboard in Resources */ = {isa = PBXBuildFile; fileRef = C137BF3225D47EDF002CEC62 /* LaunchScreen.storyboard */; };
		C137BF3D25D48A4C002CEC62 /* AddBookView.swift in Sources */ = {isa = PBXBuildFile; fileRef = C137BF3C25D48A4C002CEC62 /* AddBookView.swift */; };
		C137BF4525D49891002CEC62 /* RatingView.swift in Sources */ = {isa = PBXBuildFile; fileRef = C137BF4425D49891002CEC62 /* RatingView.swift */; };
		C137BF4825D49C70002CEC62 /* EmojiRatingView.swift in Sources */ = {isa = PBXBuildFile; fileRef = C137BF4725D49C70002CEC62 /* EmojiRatingView.swift */; };
		C137BF4B25D4C564002CEC62 /* DetailView.swift in Sources */ = {isa = PBXBuildFile; fileRef = C137BF4A25D4C564002CEC62 /* DetailView.swift */; };
/* End PBXBuildFile section */

/* Begin PBXFileReference section */
		C137BF2125D47EDE002CEC62 /* Bookworm.app */ = {isa = PBXFileReference; explicitFileType = wrapper.application; includeInIndex = 0; path = Bookworm.app; sourceTree = BUILT_PRODUCTS_DIR; };
		C137BF2425D47EDE002CEC62 /* AppDelegate.swift */ = {isa = PBXFileReference; lastKnownFileType = sourcecode.swift; path = AppDelegate.swift; sourceTree = "<group>"; };
		C137BF2625D47EDE002CEC62 /* SceneDelegate.swift */ = {isa = PBXFileReference; lastKnownFileType = sourcecode.swift; path = SceneDelegate.swift; sourceTree = "<group>"; };
		C137BF2825D47EDE002CEC62 /* ContentView.swift */ = {isa = PBXFileReference; lastKnownFileType = sourcecode.swift; path = ContentView.swift; sourceTree = "<group>"; };
		C137BF2B25D47EDE002CEC62 /* Bookworm.xcdatamodel */ = {isa = PBXFileReference; lastKnownFileType = wrapper.xcdatamodel; path = Bookworm.xcdatamodel; sourceTree = "<group>"; };
		C137BF2D25D47EDF002CEC62 /* Assets.xcassets */ = {isa = PBXFileReference; lastKnownFileType = folder.assetcatalog; path = Assets.xcassets; sourceTree = "<group>"; };
		C137BF3025D47EDF002CEC62 /* Preview Assets.xcassets */ = {isa = PBXFileReference; lastKnownFileType = folder.assetcatalog; path = "Preview Assets.xcassets"; sourceTree = "<group>"; };
		C137BF3325D47EDF002CEC62 /* Base */ = {isa = PBXFileReference; lastKnownFileType = file.storyboard; name = Base; path = Base.lproj/LaunchScreen.storyboard; sourceTree = "<group>"; };
		C137BF3525D47EDF002CEC62 /* Info.plist */ = {isa = PBXFileReference; lastKnownFileType = text.plist.xml; path = Info.plist; sourceTree = "<group>"; };
		C137BF3C25D48A4C002CEC62 /* AddBookView.swift */ = {isa = PBXFileReference; lastKnownFileType = sourcecode.swift; path = AddBookView.swift; sourceTree = "<group>"; };
		C137BF4425D49891002CEC62 /* RatingView.swift */ = {isa = PBXFileReference; lastKnownFileType = sourcecode.swift; path = RatingView.swift; sourceTree = "<group>"; };
		C137BF4725D49C70002CEC62 /* EmojiRatingView.swift */ = {isa = PBXFileReference; lastKnownFileType = sourcecode.swift; path = EmojiRatingView.swift; sourceTree = "<group>"; };
		C137BF4A25D4C564002CEC62 /* DetailView.swift */ = {isa = PBXFileReference; lastKnownFileType = sourcecode.swift; path = DetailView.swift; sourceTree = "<group>"; };
/* End PBXFileReference section */

/* Begin PBXFrameworksBuildPhase section */
		C137BF1E25D47EDE002CEC62 /* Frameworks */ = {
			isa = PBXFrameworksBuildPhase;
			buildActionMask = 2147483647;
			files = (
			);
			runOnlyForDeploymentPostprocessing = 0;
		};
/* End PBXFrameworksBuildPhase section */

/* Begin PBXGroup section */
		C137BF1825D47EDE002CEC62 = {
			isa = PBXGroup;
			children = (
				C137BF2325D47EDE002CEC62 /* Bookworm */,
				C137BF2225D47EDE002CEC62 /* Products */,
			);
			sourceTree = "<group>";
		};
		C137BF2225D47EDE002CEC62 /* Products */ = {
			isa = PBXGroup;
			children = (
				C137BF2125D47EDE002CEC62 /* Bookworm.app */,
			);
			name = Products;
			sourceTree = "<group>";
		};
		C137BF2325D47EDE002CEC62 /* Bookworm */ = {
			isa = PBXGroup;
			children = (
				C137BF2425D47EDE002CEC62 /* AppDelegate.swift */,
				C137BF2625D47EDE002CEC62 /* SceneDelegate.swift */,
				C137BF2825D47EDE002CEC62 /* ContentView.swift */,
				C137BF4725D49C70002CEC62 /* EmojiRatingView.swift */,
				C137BF3C25D48A4C002CEC62 /* AddBookView.swift */,
				C137BF4425D49891002CEC62 /* RatingView.swift */,
				C137BF2D25D47EDF002CEC62 /* Assets.xcassets */,
				C137BF4A25D4C564002CEC62 /* DetailView.swift */,
				C137BF3225D47EDF002CEC62 /* LaunchScreen.storyboard */,
				C137BF3525D47EDF002CEC62 /* Info.plist */,
				C137BF2A25D47EDE002CEC62 /* Bookworm.xcdatamodeld */,
				C137BF2F25D47EDF002CEC62 /* Preview Content */,
			);
			path = Bookworm;
			sourceTree = "<group>";
		};
		C137BF2F25D47EDF002CEC62 /* Preview Content */ = {
			isa = PBXGroup;
			children = (
				C137BF3025D47EDF002CEC62 /* Preview Assets.xcassets */,
			);
			path = "Preview Content";
			sourceTree = "<group>";
		};
/* End PBXGroup section */

/* Begin PBXNativeTarget section */
		C137BF2025D47EDE002CEC62 /* Bookworm */ = {
			isa = PBXNativeTarget;
			buildConfigurationList = C137BF3825D47EDF002CEC62 /* Build configuration list for PBXNativeTarget "Bookworm" */;
			buildPhases = (
				C137BF1D25D47EDE002CEC62 /* Sources */,
				C137BF1E25D47EDE002CEC62 /* Frameworks */,
				C137BF1F25D47EDE002CEC62 /* Resources */,
			);
			buildRules = (
			);
			dependencies = (
			);
			name = Bookworm;
			productName = Bookworm;
			productReference = C137BF2125D47EDE002CEC62 /* Bookworm.app */;
			productType = "com.apple.product-type.application";
		};
/* End PBXNativeTarget section */

/* Begin PBXProject section */
		C137BF1925D47EDE002CEC62 /* Project object */ = {
			isa = PBXProject;
			attributes = {
				LastSwiftUpdateCheck = 1230;
				LastUpgradeCheck = 1230;
				TargetAttributes = {
					C137BF2025D47EDE002CEC62 = {
						CreatedOnToolsVersion = 12.3;
					};
				};
			};
			buildConfigurationList = C137BF1C25D47EDE002CEC62 /* Build configuration list for PBXProject "Bookworm" */;
			compatibilityVersion = "Xcode 9.3";
			developmentRegion = en;
			hasScannedForEncodings = 0;
			knownRegions = (
				en,
				Base,
			);
			mainGroup = C137BF1825D47EDE002CEC62;
			productRefGroup = C137BF2225D47EDE002CEC62 /* Products */;
			projectDirPath = "";
			projectRoot = "";
			targets = (
				C137BF2025D47EDE002CEC62 /* Bookworm */,
			);
		};
/* End PBXProject section */

/* Begin PBXResourcesBuildPhase section */
		C137BF1F25D47EDE002CEC62 /* Resources */ = {
			isa = PBXResourcesBuildPhase;
			buildActionMask = 2147483647;
			files = (
				C137BF3425D47EDF002CEC62 /* LaunchScreen.storyboard in Resources */,
				C137BF3125D47EDF002CEC62 /* Preview Assets.xcassets in Resources */,
				C137BF2E25D47EDF002CEC62 /* Assets.xcassets in Resources */,
			);
			runOnlyForDeploymentPostprocessing = 0;
		};
/* End PBXResourcesBuildPhase section */

/* Begin PBXSourcesBuildPhase section */
		C137BF1D25D47EDE002CEC62 /* Sources */ = {
			isa = PBXSourcesBuildPhase;
			buildActionMask = 2147483647;
			files = (
				C137BF2525D47EDE002CEC62 /* AppDelegate.swift in Sources */,
				C137BF4B25D4C564002CEC62 /* DetailView.swift in Sources */,
				C137BF2C25D47EDE002CEC62 /* Bookworm.xcdatamodeld in Sources */,
				C137BF4825D49C70002CEC62 /* EmojiRatingView.swift in Sources */,
				C137BF2725D47EDE002CEC62 /* SceneDelegate.swift in Sources */,
				C137BF4525D49891002CEC62 /* RatingView.swift in Sources */,
				C137BF2925D47EDE002CEC62 /* ContentView.swift in Sources */,
				C137BF3D25D48A4C002CEC62 /* AddBookView.swift in Sources */,
			);
			runOnlyForDeploymentPostprocessing = 0;
		};
/* End PBXSourcesBuildPhase section */

/* Begin PBXVariantGroup section */
		C137BF3225D47EDF002CEC62 /* LaunchScreen.storyboard */ = {
			isa = PBXVariantGroup;
			children = (
				C137BF3325D47EDF002CEC62 /* Base */,
			);
			name = LaunchScreen.storyboard;
			sourceTree = "<group>";
		};
/* End PBXVariantGroup section */

/* Begin XCBuildConfiguration section */
		C137BF3625D47EDF002CEC62 /* Debug */ = {
			isa = XCBuildConfiguration;
			buildSettings = {
				ALWAYS_SEARCH_USER_PATHS = NO;
				CLANG_ANALYZER_NONNULL = YES;
				CLANG_ANALYZER_NUMBER_OBJECT_CONVERSION = YES_AGGRESSIVE;
				CLANG_CXX_LANGUAGE_STANDARD = "gnu++14";
				CLANG_CXX_LIBRARY = "libc++";
				CLANG_ENABLE_MODULES = YES;
				CLANG_ENABLE_OBJC_ARC = YES;
				CLANG_ENABLE_OBJC_WEAK = YES;
				CLANG_WARN_BLOCK_CAPTURE_AUTORELEASING = YES;
				CLANG_WARN_BOOL_CONVERSION = YES;
				CLANG_WARN_COMMA = YES;
				CLANG_WARN_CONSTANT_CONVERSION = YES;
				CLANG_WARN_DEPRECATED_OBJC_IMPLEMENTATIONS = YES;
				CLANG_WARN_DIRECT_OBJC_ISA_USAGE = YES_ERROR;
				CLANG_WARN_DOCUMENTATION_COMMENTS = YES;
				CLANG_WARN_EMPTY_BODY = YES;
				CLANG_WARN_ENUM_CONVERSION = YES;
				CLANG_WARN_INFINITE_RECURSION = YES;
				CLANG_WARN_INT_CONVERSION = YES;
				CLANG_WARN_NON_LITERAL_NULL_CONVERSION = YES;
				CLANG_WARN_OBJC_IMPLICIT_RETAIN_SELF = YES;
				CLANG_WARN_OBJC_LITERAL_CONVERSION = YES;
				CLANG_WARN_OBJC_ROOT_CLASS = YES_ERROR;
				CLANG_WARN_QUOTED_INCLUDE_IN_FRAMEWORK_HEADER = YES;
				CLANG_WARN_RANGE_LOOP_ANALYSIS = YES;
				CLANG_WARN_STRICT_PROTOTYPES = YES;
				CLANG_WARN_SUSPICIOUS_MOVE = YES;
				CLANG_WARN_UNGUARDED_AVAILABILITY = YES_AGGRESSIVE;
				CLANG_WARN_UNREACHABLE_CODE = YES;
				CLANG_WARN__DUPLICATE_METHOD_MATCH = YES;
				COPY_PHASE_STRIP = NO;
				DEBUG_INFORMATION_FORMAT = dwarf;
				ENABLE_STRICT_OBJC_MSGSEND = YES;
				ENABLE_TESTABILITY = YES;
				GCC_C_LANGUAGE_STANDARD = gnu11;
				GCC_DYNAMIC_NO_PIC = NO;
				GCC_NO_COMMON_BLOCKS = YES;
				GCC_OPTIMIZATION_LEVEL = 0;
				GCC_PREPROCESSOR_DEFINITIONS = (
					"DEBUG=1",
					"$(inherited)",
				);
				GCC_WARN_64_TO_32_BIT_CONVERSION = YES;
				GCC_WARN_ABOUT_RETURN_TYPE = YES_ERROR;
				GCC_WARN_UNDECLARED_SELECTOR = YES;
				GCC_WARN_UNINITIALIZED_AUTOS = YES_AGGRESSIVE;
				GCC_WARN_UNUSED_FUNCTION = YES;
				GCC_WARN_UNUSED_VARIABLE = YES;
				IPHONEOS_DEPLOYMENT_TARGET = 14.3;
				MTL_ENABLE_DEBUG_INFO = INCLUDE_SOURCE;
				MTL_FAST_MATH = YES;
				ONLY_ACTIVE_ARCH = YES;
				SDKROOT = iphoneos;
				SWIFT_ACTIVE_COMPILATION_CONDITIONS = DEBUG;
				SWIFT_OPTIMIZATION_LEVEL = "-Onone";
			};
			name = Debug;
		};
		C137BF3725D47EDF002CEC62 /* Release */ = {
			isa = XCBuildConfiguration;
			buildSettings = {
				ALWAYS_SEARCH_USER_PATHS = NO;
				CLANG_ANALYZER_NONNULL = YES;
				CLANG_ANALYZER_NUMBER_OBJECT_CONVERSION = YES_AGGRESSIVE;
				CLANG_CXX_LANGUAGE_STANDARD = "gnu++14";
				CLANG_CXX_LIBRARY = "libc++";
				CLANG_ENABLE_MODULES = YES;
				CLANG_ENABLE_OBJC_ARC = YES;
				CLANG_ENABLE_OBJC_WEAK = YES;
				CLANG_WARN_BLOCK_CAPTURE_AUTORELEASING = YES;
				CLANG_WARN_BOOL_CONVERSION = YES;
				CLANG_WARN_COMMA = YES;
				CLANG_WARN_CONSTANT_CONVERSION = YES;
				CLANG_WARN_DEPRECATED_OBJC_IMPLEMENTATIONS = YES;
				CLANG_WARN_DIRECT_OBJC_ISA_USAGE = YES_ERROR;
				CLANG_WARN_DOCUMENTATION_COMMENTS = YES;
				CLANG_WARN_EMPTY_BODY = YES;
				CLANG_WARN_ENUM_CONVERSION = YES;
				CLANG_WARN_INFINITE_RECURSION = YES;
				CLANG_WARN_INT_CONVERSION = YES;
				CLANG_WARN_NON_LITERAL_NULL_CONVERSION = YES;
				CLANG_WARN_OBJC_IMPLICIT_RETAIN_SELF = YES;
				CLANG_WARN_OBJC_LITERAL_CONVERSION = YES;
				CLANG_WARN_OBJC_ROOT_CLASS = YES_ERROR;
				CLANG_WARN_QUOTED_INCLUDE_IN_FRAMEWORK_HEADER = YES;
				CLANG_WARN_RANGE_LOOP_ANALYSIS = YES;
				CLANG_WARN_STRICT_PROTOTYPES = YES;
				CLANG_WARN_SUSPICIOUS_MOVE = YES;
				CLANG_WARN_UNGUARDED_AVAILABILITY = YES_AGGRESSIVE;
				CLANG_WARN_UNREACHABLE_CODE = YES;
				CLANG_WARN__DUPLICATE_METHOD_MATCH = YES;
				COPY_PHASE_STRIP = NO;
				DEBUG_INFORMATION_FORMAT = "dwarf-with-dsym";
				ENABLE_NS_ASSERTIONS = NO;
				ENABLE_STRICT_OBJC_MSGSEND = YES;
				GCC_C_LANGUAGE_STANDARD = gnu11;
				GCC_NO_COMMON_BLOCKS = YES;
				GCC_WARN_64_TO_32_BIT_CONVERSION = YES;
				GCC_WARN_ABOUT_RETURN_TYPE = YES_ERROR;
				GCC_WARN_UNDECLARED_SELECTOR = YES;
				GCC_WARN_UNINITIALIZED_AUTOS = YES_AGGRESSIVE;
				GCC_WARN_UNUSED_FUNCTION = YES;
				GCC_WARN_UNUSED_VARIABLE = YES;
				IPHONEOS_DEPLOYMENT_TARGET = 14.3;
				MTL_ENABLE_DEBUG_INFO = NO;
				MTL_FAST_MATH = YES;
				SDKROOT = iphoneos;
				SWIFT_COMPILATION_MODE = wholemodule;
				SWIFT_OPTIMIZATION_LEVEL = "-O";
				VALIDATE_PRODUCT = YES;
			};
			name = Release;
		};
		C137BF3925D47EDF002CEC62 /* Debug */ = {
			isa = XCBuildConfiguration;
			buildSettings = {
				ASSETCATALOG_COMPILER_APPICON_NAME = AppIcon;
				ASSETCATALOG_COMPILER_GLOBAL_ACCENT_COLOR_NAME = AccentColor;
				CODE_SIGN_STYLE = Automatic;
				DEVELOPMENT_ASSET_PATHS = "\"Bookworm/Preview Content\"";
				DEVELOPMENT_TEAM = ZXT3UDL45P;
				ENABLE_PREVIEWS = YES;
				INFOPLIST_FILE = Bookworm/Info.plist;
				LD_RUNPATH_SEARCH_PATHS = (
					"$(inherited)",
					"@executable_path/Frameworks",
				);
				PRODUCT_BUNDLE_IDENTIFIER = com.MouseHouse.Bookworm;
				PRODUCT_NAME = "$(TARGET_NAME)";
				SWIFT_VERSION = 5.0;
				TARGETED_DEVICE_FAMILY = "1,2";
			};
			name = Debug;
		};
		C137BF3A25D47EDF002CEC62 /* Release */ = {
			isa = XCBuildConfiguration;
			buildSettings = {
				ASSETCATALOG_COMPILER_APPICON_NAME = AppIcon;
				ASSETCATALOG_COMPILER_GLOBAL_ACCENT_COLOR_NAME = AccentColor;
				CODE_SIGN_STYLE = Automatic;
				DEVELOPMENT_ASSET_PATHS = "\"Bookworm/Preview Content\"";
				DEVELOPMENT_TEAM = ZXT3UDL45P;
				ENABLE_PREVIEWS = YES;
				INFOPLIST_FILE = Bookworm/Info.plist;
				LD_RUNPATH_SEARCH_PATHS = (
					"$(inherited)",
					"@executable_path/Frameworks",
				);
				PRODUCT_BUNDLE_IDENTIFIER = com.MouseHouse.Bookworm;
				PRODUCT_NAME = "$(TARGET_NAME)";
				SWIFT_VERSION = 5.0;
				TARGETED_DEVICE_FAMILY = "1,2";
			};
			name = Release;
		};
/* End XCBuildConfiguration section */

/* Begin XCConfigurationList section */
		C137BF1C25D47EDE002CEC62 /* Build configuration list for PBXProject "Bookworm" */ = {
			isa = XCConfigurationList;
			buildConfigurations = (
				C137BF3625D47EDF002CEC62 /* Debug */,
				C137BF3725D47EDF002CEC62 /* Release */,
			);
			defaultConfigurationIsVisible = 0;
			defaultConfigurationName = Release;
		};
		C137BF3825D47EDF002CEC62 /* Build configuration list for PBXNativeTarget "Bookworm" */ = {
			isa = XCConfigurationList;
			buildConfigurations = (
				C137BF3925D47EDF002CEC62 /* Debug */,
				C137BF3A25D47EDF002CEC62 /* Release */,
			);
			defaultConfigurationIsVisible = 0;
			defaultConfigurationName = Release;
		};
/* End XCConfigurationList section */

/* Begin XCVersionGroup section */
		C137BF2A25D47EDE002CEC62 /* Bookworm.xcdatamodeld */ = {
			isa = XCVersionGroup;
			children = (
				C137BF2B25D47EDE002CEC62 /* Bookworm.xcdatamodel */,
			);
			currentVersion = C137BF2B25D47EDE002CEC62 /* Bookworm.xcdatamodel */;
			path = Bookworm.xcdatamodeld;
			sourceTree = "<group>";
			versionGroupType = wrapper.xcdatamodel;
		};
/* End XCVersionGroup section */
	};
	rootObject = C137BF1925D47EDE002CEC62 /* Project object */;
}
