// !$*UTF8*$!
{
	archiveVersion = 1;
	classes = {
	};
	objectVersion = 50;
	objects = {

/* Begin PBXBuildFile section */
		C1E704C225B4798E00154213 /* AppDelegate.swift in Sources */ = {isa = PBXBuildFile; fileRef = C1E704C125B4798E00154213 /* AppDelegate.swift */; };
		C1E704C425B4798E00154213 /* SceneDelegate.swift in Sources */ = {isa = PBXBuildFile; fileRef = C1E704C325B4798E00154213 /* SceneDelegate.swift */; };
		C1E704C625B4798E00154213 /* ContentView.swift in Sources */ = {isa = PBXBuildFile; fileRef = C1E704C525B4798E00154213 /* ContentView.swift */; };
		C1E704C825B4798F00154213 /* Assets.xcassets in Resources */ = {isa = PBXBuildFile; fileRef = C1E704C725B4798F00154213 /* Assets.xcassets */; };
		C1E704CB25B4798F00154213 /* Preview Assets.xcassets in Resources */ = {isa = PBXBuildFile; fileRef = C1E704CA25B4798F00154213 /* Preview Assets.xcassets */; };
		C1E704CE25B4798F00154213 /* LaunchScreen.storyboard in Resources */ = {isa = PBXBuildFile; fileRef = C1E704CC25B4798F00154213 /* LaunchScreen.storyboard */; };
		C1E704D725B49B2F00154213 /* start.txt in Resources */ = {isa = PBXBuildFile; fileRef = C1E704D625B49B2F00154213 /* start.txt */; };
/* End PBXBuildFile section */

/* Begin PBXFileReference section */
		C1E704BE25B4798E00154213 /* WordScrramble.app */ = {isa = PBXFileReference; explicitFileType = wrapper.application; includeInIndex = 0; path = WordScrramble.app; sourceTree = BUILT_PRODUCTS_DIR; };
		C1E704C125B4798E00154213 /* AppDelegate.swift */ = {isa = PBXFileReference; lastKnownFileType = sourcecode.swift; path = AppDelegate.swift; sourceTree = "<group>"; };
		C1E704C325B4798E00154213 /* SceneDelegate.swift */ = {isa = PBXFileReference; lastKnownFileType = sourcecode.swift; path = SceneDelegate.swift; sourceTree = "<group>"; };
		C1E704C525B4798E00154213 /* ContentView.swift */ = {isa = PBXFileReference; lastKnownFileType = sourcecode.swift; path = ContentView.swift; sourceTree = "<group>"; };
		C1E704C725B4798F00154213 /* Assets.xcassets */ = {isa = PBXFileReference; lastKnownFileType = folder.assetcatalog; path = Assets.xcassets; sourceTree = "<group>"; };
		C1E704CA25B4798F00154213 /* Preview Assets.xcassets */ = {isa = PBXFileReference; lastKnownFileType = folder.assetcatalog; path = "Preview Assets.xcassets"; sourceTree = "<group>"; };
		C1E704CD25B4798F00154213 /* Base */ = {isa = PBXFileReference; lastKnownFileType = file.storyboard; name = Base; path = Base.lproj/LaunchScreen.storyboard; sourceTree = "<group>"; };
		C1E704CF25B4798F00154213 /* Info.plist */ = {isa = PBXFileReference; lastKnownFileType = text.plist.xml; path = Info.plist; sourceTree = "<group>"; };
		C1E704D625B49B2F00154213 /* start.txt */ = {isa = PBXFileReference; fileEncoding = 4; lastKnownFileType = text; path = start.txt; sourceTree = SOURCE_ROOT; };
/* End PBXFileReference section */

/* Begin PBXFrameworksBuildPhase section */
		C1E704BB25B4798E00154213 /* Frameworks */ = {
			isa = PBXFrameworksBuildPhase;
			buildActionMask = 2147483647;
			files = (
			);
			runOnlyForDeploymentPostprocessing = 0;
		};
/* End PBXFrameworksBuildPhase section */

/* Begin PBXGroup section */
		C1E704B525B4798E00154213 = {
			isa = PBXGroup;
			children = (
				C1E704C025B4798E00154213 /* WordScrramble */,
				C1E704BF25B4798E00154213 /* Products */,
			);
			sourceTree = "<group>";
		};
		C1E704BF25B4798E00154213 /* Products */ = {
			isa = PBXGroup;
			children = (
				C1E704BE25B4798E00154213 /* WordScrramble.app */,
			);
			name = Products;
			sourceTree = "<group>";
		};
		C1E704C025B4798E00154213 /* WordScrramble */ = {
			isa = PBXGroup;
			children = (
				C1E704C125B4798E00154213 /* AppDelegate.swift */,
				C1E704C325B4798E00154213 /* SceneDelegate.swift */,
				C1E704C525B4798E00154213 /* ContentView.swift */,
				C1E704C725B4798F00154213 /* Assets.xcassets */,
				C1E704CC25B4798F00154213 /* LaunchScreen.storyboard */,
				C1E704D625B49B2F00154213 /* start.txt */,
				C1E704CF25B4798F00154213 /* Info.plist */,
				C1E704C925B4798F00154213 /* Preview Content */,
			);
			path = WordScrramble;
			sourceTree = "<group>";
		};
		C1E704C925B4798F00154213 /* Preview Content */ = {
			isa = PBXGroup;
			children = (
				C1E704CA25B4798F00154213 /* Preview Assets.xcassets */,
			);
			path = "Preview Content";
			sourceTree = "<group>";
		};
/* End PBXGroup section */

/* Begin PBXNativeTarget section */
		C1E704BD25B4798E00154213 /* WordScrramble */ = {
			isa = PBXNativeTarget;
			buildConfigurationList = C1E704D225B4798F00154213 /* Build configuration list for PBXNativeTarget "WordScrramble" */;
			buildPhases = (
				C1E704BA25B4798E00154213 /* Sources */,
				C1E704BB25B4798E00154213 /* Frameworks */,
				C1E704BC25B4798E00154213 /* Resources */,
			);
			buildRules = (
			);
			dependencies = (
			);
			name = WordScrramble;
			productName = WordScrramble;
			productReference = C1E704BE25B4798E00154213 /* WordScrramble.app */;
			productType = "com.apple.product-type.application";
		};
/* End PBXNativeTarget section */

/* Begin PBXProject section */
		C1E704B625B4798E00154213 /* Project object */ = {
			isa = PBXProject;
			attributes = {
				LastSwiftUpdateCheck = 1230;
				LastUpgradeCheck = 1230;
				TargetAttributes = {
					C1E704BD25B4798E00154213 = {
						CreatedOnToolsVersion = 12.3;
					};
				};
			};
			buildConfigurationList = C1E704B925B4798E00154213 /* Build configuration list for PBXProject "WordScrramble" */;
			compatibilityVersion = "Xcode 9.3";
			developmentRegion = en;
			hasScannedForEncodings = 0;
			knownRegions = (
				en,
				Base,
			);
			mainGroup = C1E704B525B4798E00154213;
			productRefGroup = C1E704BF25B4798E00154213 /* Products */;
			projectDirPath = "";
			projectRoot = "";
			targets = (
				C1E704BD25B4798E00154213 /* WordScrramble */,
			);
		};
/* End PBXProject section */

/* Begin PBXResourcesBuildPhase section */
		C1E704BC25B4798E00154213 /* Resources */ = {
			isa = PBXResourcesBuildPhase;
			buildActionMask = 2147483647;
			files = (
				C1E704CE25B4798F00154213 /* LaunchScreen.storyboard in Resources */,
				C1E704D725B49B2F00154213 /* start.txt in Resources */,
				C1E704CB25B4798F00154213 /* Preview Assets.xcassets in Resources */,
				C1E704C825B4798F00154213 /* Assets.xcassets in Resources */,
			);
			runOnlyForDeploymentPostprocessing = 0;
		};
/* End PBXResourcesBuildPhase section */

/* Begin PBXSourcesBuildPhase section */
		C1E704BA25B4798E00154213 /* Sources */ = {
			isa = PBXSourcesBuildPhase;
			buildActionMask = 2147483647;
			files = (
				C1E704C225B4798E00154213 /* AppDelegate.swift in Sources */,
				C1E704C425B4798E00154213 /* SceneDelegate.swift in Sources */,
				C1E704C625B4798E00154213 /* ContentView.swift in Sources */,
			);
			runOnlyForDeploymentPostprocessing = 0;
		};
/* End PBXSourcesBuildPhase section */

/* Begin PBXVariantGroup section */
		C1E704CC25B4798F00154213 /* LaunchScreen.storyboard */ = {
			isa = PBXVariantGroup;
			children = (
				C1E704CD25B4798F00154213 /* Base */,
			);
			name = LaunchScreen.storyboard;
			sourceTree = "<group>";
		};
/* End PBXVariantGroup section */

/* Begin XCBuildConfiguration section */
		C1E704D025B4798F00154213 /* Debug */ = {
			isa = XCBuildConfiguration;
			buildSettings = {
				ALWAYS_SEARCH_USER_PATHS = NO;
				CLANG_ANALYZER_NONNULL = YES;
				CLANG_ANALYZER_NUMBER_OBJECT_CONVERSION = YES_AGGRESSIVE;
				CLANG_CXX_LANGUAGE_STANDARD = "gnu++14";
				CLANG_CXX_LIBRARY = "libc++";
				CLANG_ENABLE_MODULES = YES;
				CLANG_ENABLE_OBJC_ARC = YES;
				CLANG_ENABLE_OBJC_WEAK = YES;
				CLANG_WARN_BLOCK_CAPTURE_AUTORELEASING = YES;
				CLANG_WARN_BOOL_CONVERSION = YES;
				CLANG_WARN_COMMA = YES;
				CLANG_WARN_CONSTANT_CONVERSION = YES;
				CLANG_WARN_DEPRECATED_OBJC_IMPLEMENTATIONS = YES;
				CLANG_WARN_DIRECT_OBJC_ISA_USAGE = YES_ERROR;
				CLANG_WARN_DOCUMENTATION_COMMENTS = YES;
				CLANG_WARN_EMPTY_BODY = YES;
				CLANG_WARN_ENUM_CONVERSION = YES;
				CLANG_WARN_INFINITE_RECURSION = YES;
				CLANG_WARN_INT_CONVERSION = YES;
				CLANG_WARN_NON_LITERAL_NULL_CONVERSION = YES;
				CLANG_WARN_OBJC_IMPLICIT_RETAIN_SELF = YES;
				CLANG_WARN_OBJC_LITERAL_CONVERSION = YES;
				CLANG_WARN_OBJC_ROOT_CLASS = YES_ERROR;
				CLANG_WARN_QUOTED_INCLUDE_IN_FRAMEWORK_HEADER = YES;
				CLANG_WARN_RANGE_LOOP_ANALYSIS = YES;
				CLANG_WARN_STRICT_PROTOTYPES = YES;
				CLANG_WARN_SUSPICIOUS_MOVE = YES;
				CLANG_WARN_UNGUARDED_AVAILABILITY = YES_AGGRESSIVE;
				CLANG_WARN_UNREACHABLE_CODE = YES;
				CLANG_WARN__DUPLICATE_METHOD_MATCH = YES;
				COPY_PHASE_STRIP = NO;
				DEBUG_INFORMATION_FORMAT = dwarf;
				ENABLE_STRICT_OBJC_MSGSEND = YES;
				ENABLE_TESTABILITY = YES;
				GCC_C_LANGUAGE_STANDARD = gnu11;
				GCC_DYNAMIC_NO_PIC = NO;
				GCC_NO_COMMON_BLOCKS = YES;
				GCC_OPTIMIZATION_LEVEL = 0;
				GCC_PREPROCESSOR_DEFINITIONS = (
					"DEBUG=1",
					"$(inherited)",
				);
				GCC_WARN_64_TO_32_BIT_CONVERSION = YES;
				GCC_WARN_ABOUT_RETURN_TYPE = YES_ERROR;
				GCC_WARN_UNDECLARED_SELECTOR = YES;
				GCC_WARN_UNINITIALIZED_AUTOS = YES_AGGRESSIVE;
				GCC_WARN_UNUSED_FUNCTION = YES;
				GCC_WARN_UNUSED_VARIABLE = YES;
				IPHONEOS_DEPLOYMENT_TARGET = 14.3;
				MTL_ENABLE_DEBUG_INFO = INCLUDE_SOURCE;
				MTL_FAST_MATH = YES;
				ONLY_ACTIVE_ARCH = YES;
				SDKROOT = iphoneos;
				SWIFT_ACTIVE_COMPILATION_CONDITIONS = DEBUG;
				SWIFT_OPTIMIZATION_LEVEL = "-Onone";
			};
			name = Debug;
		};
		C1E704D125B4798F00154213 /* Release */ = {
			isa = XCBuildConfiguration;
			buildSettings = {
				ALWAYS_SEARCH_USER_PATHS = NO;
				CLANG_ANALYZER_NONNULL = YES;
				CLANG_ANALYZER_NUMBER_OBJECT_CONVERSION = YES_AGGRESSIVE;
				CLANG_CXX_LANGUAGE_STANDARD = "gnu++14";
				CLANG_CXX_LIBRARY = "libc++";
				CLANG_ENABLE_MODULES = YES;
				CLANG_ENABLE_OBJC_ARC = YES;
				CLANG_ENABLE_OBJC_WEAK = YES;
				CLANG_WARN_BLOCK_CAPTURE_AUTORELEASING = YES;
				CLANG_WARN_BOOL_CONVERSION = YES;
				CLANG_WARN_COMMA = YES;
				CLANG_WARN_CONSTANT_CONVERSION = YES;
				CLANG_WARN_DEPRECATED_OBJC_IMPLEMENTATIONS = YES;
				CLANG_WARN_DIRECT_OBJC_ISA_USAGE = YES_ERROR;
				CLANG_WARN_DOCUMENTATION_COMMENTS = YES;
				CLANG_WARN_EMPTY_BODY = YES;
				CLANG_WARN_ENUM_CONVERSION = YES;
				CLANG_WARN_INFINITE_RECURSION = YES;
				CLANG_WARN_INT_CONVERSION = YES;
				CLANG_WARN_NON_LITERAL_NULL_CONVERSION = YES;
				CLANG_WARN_OBJC_IMPLICIT_RETAIN_SELF = YES;
				CLANG_WARN_OBJC_LITERAL_CONVERSION = YES;
				CLANG_WARN_OBJC_ROOT_CLASS = YES_ERROR;
				CLANG_WARN_QUOTED_INCLUDE_IN_FRAMEWORK_HEADER = YES;
				CLANG_WARN_RANGE_LOOP_ANALYSIS = YES;
				CLANG_WARN_STRICT_PROTOTYPES = YES;
				CLANG_WARN_SUSPICIOUS_MOVE = YES;
				CLANG_WARN_UNGUARDED_AVAILABILITY = YES_AGGRESSIVE;
				CLANG_WARN_UNREACHABLE_CODE = YES;
				CLANG_WARN__DUPLICATE_METHOD_MATCH = YES;
				COPY_PHASE_STRIP = NO;
				DEBUG_INFORMATION_FORMAT = "dwarf-with-dsym";
				ENABLE_NS_ASSERTIONS = NO;
				ENABLE_STRICT_OBJC_MSGSEND = YES;
				GCC_C_LANGUAGE_STANDARD = gnu11;
				GCC_NO_COMMON_BLOCKS = YES;
				GCC_WARN_64_TO_32_BIT_CONVERSION = YES;
				GCC_WARN_ABOUT_RETURN_TYPE = YES_ERROR;
				GCC_WARN_UNDECLARED_SELECTOR = YES;
				GCC_WARN_UNINITIALIZED_AUTOS = YES_AGGRESSIVE;
				GCC_WARN_UNUSED_FUNCTION = YES;
				GCC_WARN_UNUSED_VARIABLE = YES;
				IPHONEOS_DEPLOYMENT_TARGET = 14.3;
				MTL_ENABLE_DEBUG_INFO = NO;
				MTL_FAST_MATH = YES;
				SDKROOT = iphoneos;
				SWIFT_COMPILATION_MODE = wholemodule;
				SWIFT_OPTIMIZATION_LEVEL = "-O";
				VALIDATE_PRODUCT = YES;
			};
			name = Release;
		};
		C1E704D325B4798F00154213 /* Debug */ = {
			isa = XCBuildConfiguration;
			buildSettings = {
				ASSETCATALOG_COMPILER_APPICON_NAME = AppIcon;
				ASSETCATALOG_COMPILER_GLOBAL_ACCENT_COLOR_NAME = AccentColor;
				CODE_SIGN_STYLE = Automatic;
				DEVELOPMENT_ASSET_PATHS = "\"WordScrramble/Preview Content\"";
				DEVELOPMENT_TEAM = ZXT3UDL45P;
				ENABLE_PREVIEWS = YES;
				INFOPLIST_FILE = WordScrramble/Info.plist;
				LD_RUNPATH_SEARCH_PATHS = (
					"$(inherited)",
					"@executable_path/Frameworks",
				);
				PRODUCT_BUNDLE_IDENTIFIER = com.MouseHouse.WordScrramble;
				PRODUCT_NAME = "$(TARGET_NAME)";
				SWIFT_VERSION = 5.0;
				TARGETED_DEVICE_FAMILY = "1,2";
			};
			name = Debug;
		};
		C1E704D425B4798F00154213 /* Release */ = {
			isa = XCBuildConfiguration;
			buildSettings = {
				ASSETCATALOG_COMPILER_APPICON_NAME = AppIcon;
				ASSETCATALOG_COMPILER_GLOBAL_ACCENT_COLOR_NAME = AccentColor;
				CODE_SIGN_STYLE = Automatic;
				DEVELOPMENT_ASSET_PATHS = "\"WordScrramble/Preview Content\"";
				DEVELOPMENT_TEAM = ZXT3UDL45P;
				ENABLE_PREVIEWS = YES;
				INFOPLIST_FILE = WordScrramble/Info.plist;
				LD_RUNPATH_SEARCH_PATHS = (
					"$(inherited)",
					"@executable_path/Frameworks",
				);
				PRODUCT_BUNDLE_IDENTIFIER = com.MouseHouse.WordScrramble;
				PRODUCT_NAME = "$(TARGET_NAME)";
				SWIFT_VERSION = 5.0;
				TARGETED_DEVICE_FAMILY = "1,2";
			};
			name = Release;
		};
/* End XCBuildConfiguration section */

/* Begin XCConfigurationList section */
		C1E704B925B4798E00154213 /* Build configuration list for PBXProject "WordScrramble" */ = {
			isa = XCConfigurationList;
			buildConfigurations = (
				C1E704D025B4798F00154213 /* Debug */,
				C1E704D125B4798F00154213 /* Release */,
			);
			defaultConfigurationIsVisible = 0;
			defaultConfigurationName = Release;
		};
		C1E704D225B4798F00154213 /* Build configuration list for PBXNativeTarget "WordScrramble" */ = {
			isa = XCConfigurationList;
			buildConfigurations = (
				C1E704D325B4798F00154213 /* Debug */,
				C1E704D425B4798F00154213 /* Release */,
			);
			defaultConfigurationIsVisible = 0;
			defaultConfigurationName = Release;
		};
/* End XCConfigurationList section */
	};
	rootObject = C1E704B625B4798E00154213 /* Project object */;
}
